
Microsoft Visual Studio Solution File, Format Version 12.00
# Visual Studio Version 17
VisualStudioVersion = 17.9.34728.123
MinimumVisualStudioVersion = 10.0.40219.1
Project("{FAE04EC0-301F-11D3-BF4B-00C04F79EFBC}") = "UltimateC#Class", "UltimateC#Class\UltimateC#Class.csproj", "{F1EACD50-C186-4CE4-8F5F-2F3596562A17}"
EndProject
Global
	GlobalSection(SolutionConfigurationPlatforms) = preSolution
		Debug|Any CPU = Debug|Any CPU
		Release|Any CPU = Release|Any CPU
	EndGlobalSection
	GlobalSection(ProjectConfigurationPlatforms) = postSolution
		{F1EACD50-C186-4CE4-8F5F-2F3596562A17}.Debug|Any CPU.ActiveCfg = Debug|Any CPU
		{F1EACD50-C186-4CE4-8F5F-2F3596562A17}.Debug|Any CPU.Build.0 = Debug|Any CPU
		{F1EACD50-C186-4CE4-8F5F-2F3596562A17}.Release|Any CPU.ActiveCfg = Release|Any CPU
		{F1EACD50-C186-4CE4-8F5F-2F3596562A17}.Release|Any CPU.Build.0 = Release|Any CPU
	EndGlobalSection
	GlobalSection(SolutionProperties) = preSolution
		HideSolutionNode = FALSE
	EndGlobalSection
	GlobalSection(ExtensibilityGlobals) = postSolution
		SolutionGuid = {F2738A8B-A2B2-48FB-9A11-7F57146D27BD}
	EndGlobalSection
EndGlobal
